
Microsoft Visual Studio Solution File, Format Version 12.00
# Visual Studio 14
VisualStudioVersion = 14.0.24720.0
MinimumVisualStudioVersion = 10.0.40219.1
Project("{FAE04EC0-301F-11D3-BF4B-00C04F79EFBC}") = "DesignPatternsViaC", "DesignPatternsViaC\DesignPatternsViaC.csproj", "{62FA1620-EDDB-4A7F-85FE-4953E0803B63}"
EndProject
Project("{FAE04EC0-301F-11D3-BF4B-00C04F79EFBC}") = "01_AbstractFactory", "AbstractFactory\01_AbstractFactory.csproj", "{3A5BD1C4-937C-46BC-8550-073AFD4FB90F}"
EndProject
Project("{FAE04EC0-301F-11D3-BF4B-00C04F79EFBC}") = "02_Builder", "Builder\02_Builder.csproj", "{0D74858B-6A12-4D06-BDD0-654AF37501C7}"
EndProject
Project("{FAE04EC0-301F-11D3-BF4B-00C04F79EFBC}") = "03_FabricMethod", "FabricMethod\03_FabricMethod.csproj", "{C61C31C5-25A1-41C9-8B85-0067375F1165}"
EndProject
Project("{FAE04EC0-301F-11D3-BF4B-00C04F79EFBC}") = "04_Prototype", "Prototype\04_Prototype.csproj", "{AF57EF10-7F83-4E24-B314-A68DBA325DFD}"
EndProject
Project("{FAE04EC0-301F-11D3-BF4B-00C04F79EFBC}") = "05_Singleton", "05_Singleton\05_Singleton.csproj", "{B4CB1058-EC9F-411A-BC53-579D771547E0}"
EndProject
Global
	GlobalSection(SolutionConfigurationPlatforms) = preSolution
		Debug|Any CPU = Debug|Any CPU
		Release|Any CPU = Release|Any CPU
	EndGlobalSection
	GlobalSection(ProjectConfigurationPlatforms) = postSolution
		{62FA1620-EDDB-4A7F-85FE-4953E0803B63}.Debug|Any CPU.ActiveCfg = Debug|Any CPU
		{62FA1620-EDDB-4A7F-85FE-4953E0803B63}.Debug|Any CPU.Build.0 = Debug|Any CPU
		{62FA1620-EDDB-4A7F-85FE-4953E0803B63}.Release|Any CPU.ActiveCfg = Release|Any CPU
		{62FA1620-EDDB-4A7F-85FE-4953E0803B63}.Release|Any CPU.Build.0 = Release|Any CPU
		{3A5BD1C4-937C-46BC-8550-073AFD4FB90F}.Debug|Any CPU.ActiveCfg = Debug|Any CPU
		{3A5BD1C4-937C-46BC-8550-073AFD4FB90F}.Debug|Any CPU.Build.0 = Debug|Any CPU
		{3A5BD1C4-937C-46BC-8550-073AFD4FB90F}.Release|Any CPU.ActiveCfg = Release|Any CPU
		{3A5BD1C4-937C-46BC-8550-073AFD4FB90F}.Release|Any CPU.Build.0 = Release|Any CPU
		{0D74858B-6A12-4D06-BDD0-654AF37501C7}.Debug|Any CPU.ActiveCfg = Debug|Any CPU
		{0D74858B-6A12-4D06-BDD0-654AF37501C7}.Debug|Any CPU.Build.0 = Debug|Any CPU
		{0D74858B-6A12-4D06-BDD0-654AF37501C7}.Release|Any CPU.ActiveCfg = Release|Any CPU
		{0D74858B-6A12-4D06-BDD0-654AF37501C7}.Release|Any CPU.Build.0 = Release|Any CPU
		{C61C31C5-25A1-41C9-8B85-0067375F1165}.Debug|Any CPU.ActiveCfg = Debug|Any CPU
		{C61C31C5-25A1-41C9-8B85-0067375F1165}.Debug|Any CPU.Build.0 = Debug|Any CPU
		{C61C31C5-25A1-41C9-8B85-0067375F1165}.Release|Any CPU.ActiveCfg = Release|Any CPU
		{C61C31C5-25A1-41C9-8B85-0067375F1165}.Release|Any CPU.Build.0 = Release|Any CPU
		{AF57EF10-7F83-4E24-B314-A68DBA325DFD}.Debug|Any CPU.ActiveCfg = Debug|Any CPU
		{AF57EF10-7F83-4E24-B314-A68DBA325DFD}.Debug|Any CPU.Build.0 = Debug|Any CPU
		{AF57EF10-7F83-4E24-B314-A68DBA325DFD}.Release|Any CPU.ActiveCfg = Release|Any CPU
		{AF57EF10-7F83-4E24-B314-A68DBA325DFD}.Release|Any CPU.Build.0 = Release|Any CPU
		{B4CB1058-EC9F-411A-BC53-579D771547E0}.Debug|Any CPU.ActiveCfg = Debug|Any CPU
		{B4CB1058-EC9F-411A-BC53-579D771547E0}.Debug|Any CPU.Build.0 = Debug|Any CPU
		{B4CB1058-EC9F-411A-BC53-579D771547E0}.Release|Any CPU.ActiveCfg = Release|Any CPU
		{B4CB1058-EC9F-411A-BC53-579D771547E0}.Release|Any CPU.Build.0 = Release|Any CPU
	EndGlobalSection
	GlobalSection(SolutionProperties) = preSolution
		HideSolutionNode = FALSE
	EndGlobalSection
EndGlobal
